
Microsoft Visual Studio Solution File, Format Version 12.00
# Visual Studio Version 16
VisualStudioVersion = 16.0.30503.244
MinimumVisualStudioVersion = 10.0.40219.1
Project("{9A19103F-16F7-4668-BE54-9A1E7A4F7556}") = "SuhailApps.Api", "SuhailApps.Api\SuhailApps.Api.csproj", "{72FB08B8-2838-4901-AE82-EF89195064C8}"
EndProject
Project("{FAE04EC0-301F-11D3-BF4B-00C04F79EFBC}") = "SuhailApps.Core", "SuhailApps.Core\SuhailApps.Core.csproj", "{695FEEE2-F18A-4D13-BC5D-EF7FF593B65D}"
EndProject
Global
	GlobalSection(SolutionConfigurationPlatforms) = preSolution
		Debug|Any CPU = Debug|Any CPU
		Release|Any CPU = Release|Any CPU
	EndGlobalSection
	GlobalSection(ProjectConfigurationPlatforms) = postSolution
		{72FB08B8-2838-4901-AE82-EF89195064C8}.Debug|Any CPU.ActiveCfg = Debug|Any CPU
		{72FB08B8-2838-4901-AE82-EF89195064C8}.Debug|Any CPU.Build.0 = Debug|Any CPU
		{72FB08B8-2838-4901-AE82-EF89195064C8}.Release|Any CPU.ActiveCfg = Release|Any CPU
		{72FB08B8-2838-4901-AE82-EF89195064C8}.Release|Any CPU.Build.0 = Release|Any CPU
		{695FEEE2-F18A-4D13-BC5D-EF7FF593B65D}.Debug|Any CPU.ActiveCfg = Debug|Any CPU
		{695FEEE2-F18A-4D13-BC5D-EF7FF593B65D}.Debug|Any CPU.Build.0 = Debug|Any CPU
		{695FEEE2-F18A-4D13-BC5D-EF7FF593B65D}.Release|Any CPU.ActiveCfg = Release|Any CPU
		{695FEEE2-F18A-4D13-BC5D-EF7FF593B65D}.Release|Any CPU.Build.0 = Release|Any CPU
	EndGlobalSection
	GlobalSection(SolutionProperties) = preSolution
		HideSolutionNode = FALSE
	EndGlobalSection
	GlobalSection(ExtensibilityGlobals) = postSolution
		SolutionGuid = {D1DB1CB2-872C-47E8-9B46-5479F0E47EBC}
	EndGlobalSection
EndGlobal
